{
  "name": "Battle Stadium",
  "version": "1.0.0",
  "lockfileVersion": 3,
  "requires": true,
  "packages": {
    "": {
      "name": "Battle Stadium",
      "version": "1.0.0",
      "workspaces": [
        "backend/*",
        "frontend/*"
      ],
      "devDependencies": {
        "turbo": "^2.0.11"
      }
    },
    "node_modules/turbo": {
      "version": "2.0.11",
      "resolved": "https://registry.npmjs.org/turbo/-/turbo-2.0.11.tgz",
      "integrity": "sha512-imDlFFAvitbCm1JtDFJ6eG882qwxHUmVT2noPb3p2jq5o5DuXOchMbkVS9kUeC3/4WpY5N0GBZ3RvqNyjHZw1Q==",
      "dev": true,
      "license": "MIT",
      "bin": {
        "turbo": "bin/turbo"
      },
      "optionalDependencies": {
        "turbo-darwin-64": "2.0.11",
        "turbo-darwin-arm64": "2.0.11",
        "turbo-linux-64": "2.0.11",
        "turbo-linux-arm64": "2.0.11",
        "turbo-windows-64": "2.0.11",
        "turbo-windows-arm64": "2.0.11"
      }
    },
    "node_modules/turbo-darwin-64": {
      "version": "2.0.11",
      "resolved": "https://registry.npmjs.org/turbo-darwin-64/-/turbo-darwin-64-2.0.11.tgz",
      "integrity": "sha512-YlHEEhcm+jI1BSZoLugGHUWDfRXaNaQIv7tGQBfadYjo9kixBnqoTOU6s1ubOrQMID+lizZZQs79GXwqM6vohg==",
      "cpu": [
        "x64"
      ],
      "dev": true,
      "license": "MIT",
      "optional": true,
      "os": [
        "darwin"
      ]
    },
    "node_modules/turbo-darwin-arm64": {
      "version": "2.0.11",
      "resolved": "https://registry.npmjs.org/turbo-darwin-arm64/-/turbo-darwin-arm64-2.0.11.tgz",
      "integrity": "sha512-K/YW+hWzRQ/wGmtffxllH4M1tgy8OlwgXODrIiAGzkSpZl9+pIsem/F86UULlhsIeavBYK/LS5+dzV3DPMjJ9w==",
      "cpu": [
        "arm64"
      ],
      "dev": true,
      "license": "MIT",
      "optional": true,
      "os": [
        "darwin"
      ]
    },
    "node_modules/turbo-linux-64": {
      "version": "2.0.11",
      "resolved": "https://registry.npmjs.org/turbo-linux-64/-/turbo-linux-64-2.0.11.tgz",
      "integrity": "sha512-mv8CwGP06UPweMh1Vlp6PI6OWnkuibxfIJ4Vlof7xqjohAaZU5FLqeOeHkjQflH/6YrCVuS9wrK0TFOu+meTtA==",
      "cpu": [
        "x64"
      ],
      "dev": true,
      "license": "MIT",
      "optional": true,
      "os": [
        "linux"
      ]
    },
    "node_modules/turbo-linux-arm64": {
      "version": "2.0.11",
      "resolved": "https://registry.npmjs.org/turbo-linux-arm64/-/turbo-linux-arm64-2.0.11.tgz",
      "integrity": "sha512-wLE5tl4oriTmHbuayc0ki0csaCplmVLj+uCWtecM/mfBuZgNS9ICNM9c4sB+Cfl5tlBBFeepqRNgvRvn8WeVZg==",
      "cpu": [
        "arm64"
      ],
      "dev": true,
      "license": "MIT",
      "optional": true,
      "os": [
        "linux"
      ]
    },
    "node_modules/turbo-windows-64": {
      "version": "2.0.11",
      "resolved": "https://registry.npmjs.org/turbo-windows-64/-/turbo-windows-64-2.0.11.tgz",
      "integrity": "sha512-tja3zvVCSWu3HizOoeQv0qDJ+GeWGWRFOOM6a8i3BYnXLgGKAaDZFcjwzgC50tWiAw4aowIVR4OouwIyRhLBaQ==",
      "cpu": [
        "x64"
      ],
      "dev": true,
      "license": "MIT",
      "optional": true,
      "os": [
        "win32"
      ]
    },
    "node_modules/turbo-windows-arm64": {
      "version": "2.0.11",
      "resolved": "https://registry.npmjs.org/turbo-windows-arm64/-/turbo-windows-arm64-2.0.11.tgz",
      "integrity": "sha512-sYjXP6k94Bqh99R+y3M1Ks6LRIEZybMz+7enA8GKl6JJ2ZFaXxTnS6q+/2+ii1+rRwxohj5OBb4gxODcF8Jd4w==",
      "cpu": [
        "arm64"
      ],
      "dev": true,
      "license": "MIT",
      "optional": true,
      "os": [
        "win32"
      ]
    }
  }
}
